<?xml version="1.0" encoding="utf-8"?>
<Project ToolsVersion="4.0" xmlns="http://schemas.microsoft.com/developer/msbuild/2003">
  <ItemGroup>
    <Filter Include="소스 파일">
      <UniqueIdentifier>{4FC737F1-C7A5-4376-A066-2A32D752A2FF}</UniqueIdentifier>
      <Extensions>cpp;c;cc;cxx;c++;cppm;ixx;def;odl;idl;hpj;bat;asm;asmx</Extensions>
    </Filter>
    <Filter Include="헤더 파일">
      <UniqueIdentifier>{93995380-89BD-4b04-88EB-625FBE52EBFB}</UniqueIdentifier>
      <Extensions>h;hh;hpp;hxx;h++;hm;inl;inc;ipp;xsd</Extensions>
    </Filter>
    <Filter Include="리소스 파일">
      <UniqueIdentifier>{67DA6AB6-F800-4c08-8B7A-83BB121AAD01}</UniqueIdentifier>
      <Extensions>rc;ico;cur;bmp;dlg;rc2;rct;bin;rgs;gif;jpg;jpeg;jpe;resx;tiff;tif;png;wav;mfcribbon-ms</Extensions>
    </Filter>
    <Filter Include="Engine">
      <UniqueIdentifier>{a8e098d5-f24a-4ad5-a018-859f8dc84b1d}</UniqueIdentifier>
    </Filter>
    <Filter Include="Engine\Core">
      <UniqueIdentifier>{29c74b2a-972d-412d-bc4a-2465f384b5f9}</UniqueIdentifier>
    </Filter>
    <Filter Include="Util">
      <UniqueIdentifier>{da4b95dc-36c6-40ee-9860-2ec5e325d45e}</UniqueIdentifier>
    </Filter>
    <Filter Include="Engine\Manager">
      <UniqueIdentifier>{9c71cd82-7843-43fd-98f8-a0e9ad498e63}</UniqueIdentifier>
    </Filter>
    <Filter Include="Engine\Asset">
      <UniqueIdentifier>{a195b62d-287a-46f5-8490-be2bcbde2c3d}</UniqueIdentifier>
    </Filter>
    <Filter Include="Scene">
      <UniqueIdentifier>{2551544d-2c0b-4899-99f9-a72abda2a9d6}</UniqueIdentifier>
    </Filter>
    <Filter Include="GameObject">
      <UniqueIdentifier>{8600dc67-d98f-47ab-b853-a45e2b565df9}</UniqueIdentifier>
    </Filter>
    <Filter Include="Engine\Component">
      <UniqueIdentifier>{4e06265c-1d60-449d-b7a1-f96a6027dd6b}</UniqueIdentifier>
    </Filter>
    <Filter Include="Engine\Asset\Resource">
      <UniqueIdentifier>{c5cfb52a-750e-43df-b17a-8d52a11c9f90}</UniqueIdentifier>
    </Filter>
    <Filter Include="Engine\Asset\UI">
      <UniqueIdentifier>{c696e83c-93e9-4b47-9317-6e5ab9181467}</UniqueIdentifier>
    </Filter>
    <Filter Include="Engine\Asset\Tile">
      <UniqueIdentifier>{7d2c888e-7d12-4755-bc37-0d63eb9ab8c0}</UniqueIdentifier>
    </Filter>
    <Filter Include="GameObject\Common">
      <UniqueIdentifier>{9e45e506-939f-4c97-8f87-6146ebb42d5f}</UniqueIdentifier>
    </Filter>
    <Filter Include="GameObject\Player">
      <UniqueIdentifier>{f2ad0501-d505-4b88-af0d-880a4673ef5b}</UniqueIdentifier>
    </Filter>
    <Filter Include="GameObject\Player\State">
      <UniqueIdentifier>{94537fb0-f05c-46bd-9a93-6eaafb21580b}</UniqueIdentifier>
    </Filter>
    <Filter Include="Engine\DesignPattern">
      <UniqueIdentifier>{955747a4-0236-4f28-994d-a33bddf4c53d}</UniqueIdentifier>
    </Filter>
    <Filter Include="Engine\DesignPattern\Observer Pattern">
      <UniqueIdentifier>{d890f6f0-854e-42f5-a576-baa7fffef2fe}</UniqueIdentifier>
    </Filter>
    <Filter Include="GameObject\Environment">
      <UniqueIdentifier>{8134647b-1c24-4efc-b5ba-0b1871faf7aa}</UniqueIdentifier>
    </Filter>
    <Filter Include="GameObject\Pokemon">
      <UniqueIdentifier>{417bd52f-2aea-4c66-ba91-1e8d413d362b}</UniqueIdentifier>
    </Filter>
    <Filter Include="GameObject\Pokemon\Moves">
      <UniqueIdentifier>{08c4e5c2-8030-43f1-bad6-e10660d053ca}</UniqueIdentifier>
    </Filter>
    <Filter Include="GameObject\Pokemon\Moves\Normal">
      <UniqueIdentifier>{c1be9048-c164-4a72-bff8-a3b5f56e9bb6}</UniqueIdentifier>
    </Filter>
    <Filter Include="GameObject\Pokemon\Pokemon">
      <UniqueIdentifier>{35c6f4ff-f91b-4fd8-b269-b0d018ef4cc3}</UniqueIdentifier>
    </Filter>
    <Filter Include="GameObject\Battle">
      <UniqueIdentifier>{6e312a56-c1f0-406a-9102-73e3cc26fe33}</UniqueIdentifier>
    </Filter>
    <Filter Include="GameObject\Battle\Environment">
      <UniqueIdentifier>{7b33a69f-653b-43f6-b6ef-458ed31baa79}</UniqueIdentifier>
    </Filter>
    <Filter Include="GameObject\Battle\Player">
      <UniqueIdentifier>{0cab1a56-529c-442e-b16d-5830933c2423}</UniqueIdentifier>
    </Filter>
    <Filter Include="Scene\Battle">
      <UniqueIdentifier>{9996f45e-6ced-454a-9de5-e3401947e5b3}</UniqueIdentifier>
    </Filter>
    <Filter Include="Scene\Battle\Turn">
      <UniqueIdentifier>{50f397f2-34d0-4ecb-a022-dfaa4d310e21}</UniqueIdentifier>
    </Filter>
    <Filter Include="GameObject\Battle\Ball">
      <UniqueIdentifier>{01f5a20a-2179-425c-baea-4f4adb1a81fa}</UniqueIdentifier>
    </Filter>
    <Filter Include="GameObject\Battle\UI">
      <UniqueIdentifier>{34fb23f7-5af8-4e9a-b4ec-161bd974e9eb}</UniqueIdentifier>
    </Filter>
    <Filter Include="GameObject\Pokemon\Pokemon\Fire">
      <UniqueIdentifier>{b97d6fac-220b-4d16-9127-d437e1055c23}</UniqueIdentifier>
    </Filter>
    <Filter Include="GameObject\Pokemon\Pokemon\Water">
      <UniqueIdentifier>{daafbf29-5a6c-4f28-9dd5-31632a1ec6a8}</UniqueIdentifier>
    </Filter>
    <Filter Include="GameObject\Pokemon\Pokemon\Grass">
      <UniqueIdentifier>{ad76264b-81a6-489d-84eb-020475f9967a}</UniqueIdentifier>
    </Filter>
    <Filter Include="GameObject\Battle\UI\Change">
      <UniqueIdentifier>{59ead21b-bd91-4d25-8b77-d6fff5e9bfbf}</UniqueIdentifier>
    </Filter>
    <Filter Include="GameObject\Item">
      <UniqueIdentifier>{798fde36-46e0-46cd-871b-39a66851e0f5}</UniqueIdentifier>
    </Filter>
    <Filter Include="GameObject\Item\Ball">
      <UniqueIdentifier>{b6a9b3f8-06d3-47c3-b9b0-06a34360f939}</UniqueIdentifier>
    </Filter>
  </ItemGroup>
  <ItemGroup>
    <ClInclude Include="framework.h">
      <Filter>헤더 파일</Filter>
    </ClInclude>
    <ClInclude Include="targetver.h">
      <Filter>헤더 파일</Filter>
    </ClInclude>
    <ClInclude Include="Resource.h">
      <Filter>헤더 파일</Filter>
    </ClInclude>
    <ClInclude Include="WinAPI.h">
      <Filter>헤더 파일</Filter>
    </ClInclude>
    <ClInclude Include="CCore.h">
      <Filter>Engine\Core</Filter>
    </ClInclude>
    <ClInclude Include="SingleTon.h">
      <Filter>Util</Filter>
    </ClInclude>
    <ClInclude Include="CTimeManager.h">
      <Filter>Engine\Manager</Filter>
    </ClInclude>
    <ClInclude Include="CRenderManager.h">
      <Filter>Engine\Manager</Filter>
    </ClInclude>
    <ClInclude Include="CInputManager.h">
      <Filter>Engine\Manager</Filter>
    </ClInclude>
    <ClInclude Include="CScene.h">
      <Filter>Engine\Asset</Filter>
    </ClInclude>
    <ClInclude Include="CSceneTitle.h">
      <Filter>Scene</Filter>
    </ClInclude>
    <ClInclude Include="CSceneStage01.h">
      <Filter>Scene</Filter>
    </ClInclude>
    <ClInclude Include="CSceneManager.h">
      <Filter>Engine\Manager</Filter>
    </ClInclude>
    <ClInclude Include="CGameObject.h">
      <Filter>Engine\Asset</Filter>
    </ClInclude>
    <ClInclude Include="Struct.h">
      <Filter>Util</Filter>
    </ClInclude>
    <ClInclude Include="Logger.h">
      <Filter>Util</Filter>
    </ClInclude>
    <ClInclude Include="CEventManager.h">
      <Filter>Engine\Manager</Filter>
    </ClInclude>
    <ClInclude Include="CComponent.h">
      <Filter>Engine\Component</Filter>
    </ClInclude>
    <ClInclude Include="CCollisionManager.h">
      <Filter>Engine\Manager</Filter>
    </ClInclude>
    <ClInclude Include="CCollider.h">
      <Filter>Engine\Component</Filter>
    </ClInclude>
    <ClInclude Include="CPathManager.h">
      <Filter>Engine\Manager</Filter>
    </ClInclude>
    <ClInclude Include="CResource.h">
      <Filter>Engine\Asset\Resource</Filter>
    </ClInclude>
    <ClInclude Include="CImage.h">
      <Filter>Engine\Asset\Resource</Filter>
    </ClInclude>
    <ClInclude Include="CResourceManager.h">
      <Filter>Engine\Manager</Filter>
    </ClInclude>
    <ClInclude Include="CAnimator.h">
      <Filter>Engine\Component</Filter>
    </ClInclude>
    <ClInclude Include="CAnimation.h">
      <Filter>Engine\Component</Filter>
    </ClInclude>
    <ClInclude Include="CCameraManager.h">
      <Filter>Engine\Manager</Filter>
    </ClInclude>
    <ClInclude Include="CUI.h">
      <Filter>Engine\Asset\UI</Filter>
    </ClInclude>
    <ClInclude Include="CButton.h">
      <Filter>Engine\Asset\UI</Filter>
    </ClInclude>
    <ClInclude Include="CUIManager.h">
      <Filter>Engine\Manager</Filter>
    </ClInclude>
    <ClInclude Include="CPanel.h">
      <Filter>Engine\Asset\UI</Filter>
    </ClInclude>
    <ClInclude Include="CSceneTileTool.h">
      <Filter>Scene</Filter>
    </ClInclude>
    <ClInclude Include="CTile.h">
      <Filter>Engine\Asset\Tile</Filter>
    </ClInclude>
    <ClInclude Include="CWallTile.h">
      <Filter>Engine\Asset\Tile</Filter>
    </ClInclude>
    <ClInclude Include="CImageObject.h">
      <Filter>GameObject\Common</Filter>
    </ClInclude>
    <ClInclude Include="CCameraController.h">
      <Filter>GameObject\Common</Filter>
    </ClInclude>
    <ClInclude Include="CMissile.h">
      <Filter>GameObject\Player</Filter>
    </ClInclude>
    <ClInclude Include="CMonster.h">
      <Filter>GameObject\Player</Filter>
    </ClInclude>
    <ClInclude Include="CPlayer.h">
      <Filter>GameObject\Player</Filter>
    </ClInclude>
    <ClInclude Include="CTilePanel.h">
      <Filter>Engine\Asset\UI</Filter>
    </ClInclude>
    <ClInclude Include="CTileButton.h">
      <Filter>Engine\Asset\UI</Filter>
    </ClInclude>
    <ClInclude Include="CSound.h">
      <Filter>Engine\Asset\Resource</Filter>
    </ClInclude>
    <ClInclude Include="CSoundManager.h">
      <Filter>Engine\Manager</Filter>
    </ClInclude>
    <ClInclude Include="CState.h">
      <Filter>GameObject\Player\State</Filter>
    </ClInclude>
    <ClInclude Include="CIdle.h">
      <Filter>GameObject\Player\State</Filter>
    </ClInclude>
    <ClInclude Include="CWalk.h">
      <Filter>GameObject\Player\State</Filter>
    </ClInclude>
    <ClInclude Include="CRun.h">
      <Filter>GameObject\Player\State</Filter>
    </ClInclude>
    <ClInclude Include="ISubject.h">
      <Filter>Engine\DesignPattern\Observer Pattern</Filter>
    </ClInclude>
    <ClInclude Include="IObserver.h">
      <Filter>Engine\DesignPattern\Observer Pattern</Filter>
    </ClInclude>
    <ClInclude Include="CScenePlayerHome2F.h">
      <Filter>Scene</Filter>
    </ClInclude>
    <ClInclude Include="CWarp.h">
      <Filter>GameObject\Environment</Filter>
    </ClInclude>
    <ClInclude Include="CScenePlayerHome1F.h">
      <Filter>Scene</Filter>
    </ClInclude>
    <ClInclude Include="CScenePalletTown.h">
      <Filter>Scene</Filter>
    </ClInclude>
    <ClInclude Include="CSceneOakLab.h">
      <Filter>Scene</Filter>
    </ClInclude>
    <ClInclude Include="CSceneRoute01.h">
      <Filter>Scene</Filter>
    </ClInclude>
    <ClInclude Include="CMove.h">
      <Filter>GameObject\Pokemon\Moves</Filter>
    </ClInclude>
    <ClInclude Include="CPokemon.h">
      <Filter>GameObject\Pokemon\Pokemon</Filter>
    </ClInclude>
    <ClInclude Include="CPokemonResource.h">
      <Filter>GameObject\Pokemon\Pokemon</Filter>
    </ClInclude>
    <ClInclude Include="CCharmander.h">
      <Filter>GameObject\Pokemon\Pokemon\Fire</Filter>
    </ClInclude>
    <ClInclude Include="CTackle.h">
      <Filter>GameObject\Pokemon\Moves\Normal</Filter>
    </ClInclude>
    <ClInclude Include="CSubject.h">
      <Filter>Engine\DesignPattern\Observer Pattern</Filter>
    </ClInclude>
    <ClInclude Include="CGameManager.h">
      <Filter>Engine\Manager</Filter>
    </ClInclude>
    <ClInclude Include="CMeetingTile.h">
      <Filter>Engine\Asset\Tile</Filter>
    </ClInclude>
    <ClInclude Include="CPlayerManager.h">
      <Filter>Engine\Manager</Filter>
    </ClInclude>
    <ClInclude Include="CBattleManager.h">
      <Filter>Engine\Manager</Filter>
    </ClInclude>
    <ClInclude Include="COpponentFloor.h">
      <Filter>GameObject\Battle\Environment</Filter>
    </ClInclude>
    <ClInclude Include="CPlayerFloor.h">
      <Filter>GameObject\Battle\Environment</Filter>
    </ClInclude>
    <ClInclude Include="CPlayerThrowBall.h">
      <Filter>GameObject\Battle\Player</Filter>
    </ClInclude>
    <ClInclude Include="CSceneBattle.h">
      <Filter>Scene\Battle</Filter>
    </ClInclude>
    <ClInclude Include="CTurn.h">
      <Filter>Scene\Battle\Turn</Filter>
    </ClInclude>
    <ClInclude Include="CTurnEnter.h">
      <Filter>Scene\Battle\Turn</Filter>
    </ClInclude>
    <ClInclude Include="CTurnPlayerReady.h">
      <Filter>Scene\Battle\Turn</Filter>
    </ClInclude>
    <ClInclude Include="CBallObject.h">
      <Filter>GameObject\Battle\Ball</Filter>
    </ClInclude>
    <ClInclude Include="COpponentStatUI.h">
      <Filter>GameObject\Battle\UI</Filter>
    </ClInclude>
    <ClInclude Include="CPlayerStatUI.h">
      <Filter>GameObject\Battle\UI</Filter>
    </ClInclude>
    <ClInclude Include="CTurnChooseAction.h">
      <Filter>Scene\Battle\Turn</Filter>
    </ClInclude>
    <ClInclude Include="CChooseWindow.h">
      <Filter>GameObject\Battle\UI</Filter>
    </ClInclude>
    <ClInclude Include="CTurnChooseMove.h">
      <Filter>Scene\Battle\Turn</Filter>
    </ClInclude>
    <ClInclude Include="CChooseMoveWindow.h">
      <Filter>GameObject\Battle\UI</Filter>
    </ClInclude>
    <ClInclude Include="CTurnBattle.h">
      <Filter>Scene\Battle\Turn</Filter>
    </ClInclude>
    <ClInclude Include="CPokemonManager.h">
      <Filter>Engine\Manager</Filter>
    </ClInclude>
    <ClInclude Include="CBulbasaur.h">
      <Filter>GameObject\Pokemon\Pokemon\Grass</Filter>
    </ClInclude>
    <ClInclude Include="CSquirtle.h">
      <Filter>GameObject\Pokemon\Pokemon\Water</Filter>
    </ClInclude>
    <ClInclude Include="CTurnChange.h">
      <Filter>Scene\Battle\Turn</Filter>
    </ClInclude>
    <ClInclude Include="CCurPokemonUI.h">
      <Filter>GameObject\Battle\UI\Change</Filter>
    </ClInclude>
    <ClInclude Include="CChangePokemonUI.h">
      <Filter>GameObject\Battle\UI\Change</Filter>
    </ClInclude>
    <ClInclude Include="CSelectBox.h">
      <Filter>GameObject\Battle\UI\Change</Filter>
    </ClInclude>
    <ClInclude Include="CItem.h">
      <Filter>GameObject\Item</Filter>
    </ClInclude>
    <ClInclude Include="CMonsterBall.h">
      <Filter>GameObject\Item\Ball</Filter>
    </ClInclude>
    <ClInclude Include="CMasterBall.h">
      <Filter>GameObject\Item\Ball</Filter>
    </ClInclude>
  </ItemGroup>
  <ItemGroup>
    <ClCompile Include="WinAPI.cpp">
      <Filter>소스 파일</Filter>
    </ClCompile>
    <ClCompile Include="CCore.cpp">
      <Filter>Engine\Core</Filter>
    </ClCompile>
    <ClCompile Include="CTimeManager.cpp">
      <Filter>Engine\Manager</Filter>
    </ClCompile>
    <ClCompile Include="CRenderManager.cpp">
      <Filter>Engine\Manager</Filter>
    </ClCompile>
    <ClCompile Include="CInputManager.cpp">
      <Filter>Engine\Manager</Filter>
    </ClCompile>
    <ClCompile Include="CScene.cpp">
      <Filter>Engine\Asset</Filter>
    </ClCompile>
    <ClCompile Include="CSceneTitle.cpp">
      <Filter>Scene</Filter>
    </ClCompile>
    <ClCompile Include="CSceneStage01.cpp">
      <Filter>Scene</Filter>
    </ClCompile>
    <ClCompile Include="CSceneManager.cpp">
      <Filter>Engine\Manager</Filter>
    </ClCompile>
    <ClCompile Include="CGameObject.cpp">
      <Filter>Engine\Asset</Filter>
    </ClCompile>
    <ClCompile Include="CEventManager.cpp">
      <Filter>Engine\Manager</Filter>
    </ClCompile>
    <ClCompile Include="CComponent.cpp">
      <Filter>Engine\Component</Filter>
    </ClCompile>
    <ClCompile Include="CCollisionManager.cpp">
      <Filter>Engine\Manager</Filter>
    </ClCompile>
    <ClCompile Include="CCollider.cpp">
      <Filter>Engine\Component</Filter>
    </ClCompile>
    <ClCompile Include="CPathManager.cpp">
      <Filter>Engine\Manager</Filter>
    </ClCompile>
    <ClCompile Include="CResource.cpp">
      <Filter>Engine\Asset\Resource</Filter>
    </ClCompile>
    <ClCompile Include="CImage.cpp">
      <Filter>Engine\Asset\Resource</Filter>
    </ClCompile>
    <ClCompile Include="CResourceManager.cpp">
      <Filter>Engine\Manager</Filter>
    </ClCompile>
    <ClCompile Include="CAnimator.cpp">
      <Filter>Engine\Component</Filter>
    </ClCompile>
    <ClCompile Include="CAnimation.cpp">
      <Filter>Engine\Component</Filter>
    </ClCompile>
    <ClCompile Include="CCameraManager.cpp">
      <Filter>Engine\Manager</Filter>
    </ClCompile>
    <ClCompile Include="CUI.cpp">
      <Filter>Engine\Asset\UI</Filter>
    </ClCompile>
    <ClCompile Include="CButton.cpp">
      <Filter>Engine\Asset\UI</Filter>
    </ClCompile>
    <ClCompile Include="CUIManager.cpp">
      <Filter>Engine\Manager</Filter>
    </ClCompile>
    <ClCompile Include="CPanel.cpp">
      <Filter>Engine\Asset\UI</Filter>
    </ClCompile>
    <ClCompile Include="CSceneTileTool.cpp">
      <Filter>Scene</Filter>
    </ClCompile>
    <ClCompile Include="CTile.cpp">
      <Filter>Engine\Asset\Tile</Filter>
    </ClCompile>
    <ClCompile Include="CWallTile.cpp">
      <Filter>Engine\Asset\Tile</Filter>
    </ClCompile>
    <ClCompile Include="CImageObject.cpp">
      <Filter>GameObject\Common</Filter>
    </ClCompile>
    <ClCompile Include="CCameraController.cpp">
      <Filter>GameObject\Common</Filter>
    </ClCompile>
    <ClCompile Include="CMissile.cpp">
      <Filter>GameObject\Player</Filter>
    </ClCompile>
    <ClCompile Include="CMonster.cpp">
      <Filter>GameObject\Player</Filter>
    </ClCompile>
    <ClCompile Include="CPlayer.cpp">
      <Filter>GameObject\Player</Filter>
    </ClCompile>
    <ClCompile Include="CTileButton.cpp">
      <Filter>Engine\Asset\UI</Filter>
    </ClCompile>
    <ClCompile Include="CTilePanel.cpp">
      <Filter>Engine\Asset\UI</Filter>
    </ClCompile>
    <ClCompile Include="CSound.cpp">
      <Filter>Engine\Asset\Resource</Filter>
    </ClCompile>
    <ClCompile Include="CSoundManager.cpp">
      <Filter>Engine\Manager</Filter>
    </ClCompile>
    <ClCompile Include="CState.cpp">
      <Filter>GameObject\Player\State</Filter>
    </ClCompile>
    <ClCompile Include="CIdle.cpp">
      <Filter>GameObject\Player\State</Filter>
    </ClCompile>
    <ClCompile Include="CWalk.cpp">
      <Filter>GameObject\Player\State</Filter>
    </ClCompile>
    <ClCompile Include="CRun.cpp">
      <Filter>GameObject\Player\State</Filter>
    </ClCompile>
    <ClCompile Include="CScenePlayerHome2F.cpp">
      <Filter>Scene</Filter>
    </ClCompile>
    <ClCompile Include="CWarp.cpp">
      <Filter>GameObject\Environment</Filter>
    </ClCompile>
    <ClCompile Include="CScenePlayerHome1F.cpp">
      <Filter>Scene</Filter>
    </ClCompile>
    <ClCompile Include="CScenePalletTown.cpp">
      <Filter>Scene</Filter>
    </ClCompile>
    <ClCompile Include="CSceneOakLab.cpp">
      <Filter>Scene</Filter>
    </ClCompile>
    <ClCompile Include="CSceneRoute01.cpp">
      <Filter>Scene</Filter>
    </ClCompile>
    <ClCompile Include="CMove.cpp">
      <Filter>GameObject\Pokemon\Moves</Filter>
    </ClCompile>
    <ClCompile Include="CPokemon.cpp">
      <Filter>GameObject\Pokemon\Pokemon</Filter>
    </ClCompile>
    <ClCompile Include="CPokemonResource.cpp">
      <Filter>GameObject\Pokemon\Pokemon</Filter>
    </ClCompile>
    <ClCompile Include="CCharmander.cpp">
      <Filter>GameObject\Pokemon\Pokemon\Fire</Filter>
    </ClCompile>
    <ClCompile Include="CTackle.cpp">
      <Filter>GameObject\Pokemon\Moves\Normal</Filter>
    </ClCompile>
    <ClCompile Include="CSubject.cpp">
      <Filter>Engine\DesignPattern\Observer Pattern</Filter>
    </ClCompile>
    <ClCompile Include="CGameManager.cpp">
      <Filter>Engine\Manager</Filter>
    </ClCompile>
    <ClCompile Include="CMeetingTile.cpp">
      <Filter>Engine\Asset\Tile</Filter>
    </ClCompile>
    <ClCompile Include="CPlayerManager.cpp">
      <Filter>Engine\Manager</Filter>
    </ClCompile>
    <ClCompile Include="CBattleManager.cpp">
      <Filter>Engine\Manager</Filter>
    </ClCompile>
    <ClCompile Include="COpponentFloor.cpp">
      <Filter>GameObject\Battle\Environment</Filter>
    </ClCompile>
    <ClCompile Include="CPlayerFloor.cpp">
      <Filter>GameObject\Battle\Environment</Filter>
    </ClCompile>
    <ClCompile Include="CPlayerThrowBall.cpp">
      <Filter>GameObject\Battle\Player</Filter>
    </ClCompile>
    <ClCompile Include="CSceneBattle.cpp">
      <Filter>Scene\Battle</Filter>
    </ClCompile>
    <ClCompile Include="CTurn.cpp">
      <Filter>Scene\Battle\Turn</Filter>
    </ClCompile>
    <ClCompile Include="CTurnEnter.cpp">
      <Filter>Scene\Battle\Turn</Filter>
    </ClCompile>
    <ClCompile Include="CTurnPlayerReady.cpp">
      <Filter>Scene\Battle\Turn</Filter>
    </ClCompile>
    <ClCompile Include="CBallObject.cpp">
      <Filter>GameObject\Battle\Ball</Filter>
    </ClCompile>
    <ClCompile Include="COpponentStatUI.cpp">
      <Filter>GameObject\Battle\UI</Filter>
    </ClCompile>
    <ClCompile Include="CPlayerStatUI.cpp">
      <Filter>GameObject\Battle\UI</Filter>
    </ClCompile>
    <ClCompile Include="CTurnChooseAction.cpp">
      <Filter>Scene\Battle\Turn</Filter>
    </ClCompile>
    <ClCompile Include="CChooseWindow.cpp">
      <Filter>GameObject\Battle\UI</Filter>
    </ClCompile>
    <ClCompile Include="CTurnChooseMove.cpp">
      <Filter>Scene\Battle\Turn</Filter>
    </ClCompile>
    <ClCompile Include="CChooseMoveWindow.cpp">
      <Filter>GameObject\Battle\UI</Filter>
    </ClCompile>
    <ClCompile Include="CTurnBattle.cpp">
      <Filter>Scene\Battle\Turn</Filter>
    </ClCompile>
    <ClCompile Include="CPokemonManager.cpp">
      <Filter>Engine\Manager</Filter>
    </ClCompile>
    <ClCompile Include="CBulbasaur.cpp">
      <Filter>GameObject\Pokemon\Pokemon\Grass</Filter>
    </ClCompile>
    <ClCompile Include="CSquirtle.cpp">
      <Filter>GameObject\Pokemon\Pokemon\Water</Filter>
    </ClCompile>
    <ClCompile Include="CTurnChange.cpp">
      <Filter>Scene\Battle\Turn</Filter>
    </ClCompile>
    <ClCompile Include="CCurPokemonUI.cpp">
      <Filter>GameObject\Battle\UI\Change</Filter>
    </ClCompile>
    <ClCompile Include="CChangePokemonUI.cpp">
      <Filter>GameObject\Battle\UI\Change</Filter>
    </ClCompile>
    <ClCompile Include="CSelectBox.cpp">
      <Filter>GameObject\Battle\UI\Change</Filter>
    </ClCompile>
    <ClCompile Include="CItem.cpp">
      <Filter>GameObject\Item</Filter>
    </ClCompile>
    <ClCompile Include="CMonsterBall.cpp">
      <Filter>GameObject\Item\Ball</Filter>
    </ClCompile>
    <ClCompile Include="CMasterBall.cpp">
      <Filter>GameObject\Item\Ball</Filter>
    </ClCompile>
  </ItemGroup>
  <ItemGroup>
    <ResourceCompile Include="WinAPI.rc">
      <Filter>리소스 파일</Filter>
    </ResourceCompile>
  </ItemGroup>
  <ItemGroup>
    <Image Include="small.ico">
      <Filter>리소스 파일</Filter>
    </Image>
    <Image Include="WinAPI.ico">
      <Filter>리소스 파일</Filter>
    </Image>
  </ItemGroup>
</Project>